// !$*UTF8*$!
{
	archiveVersion = 1;
	classes = {
	};
	objectVersion = 50;
	objects = {

/* Begin PBXBuildFile section */
		D9CBCAA02551700100A39921 /* GeometricFigures_SwiftUIApp.swift in Sources */ = {isa = PBXBuildFile; fileRef = D9CBCA9F2551700100A39921 /* GeometricFigures_SwiftUIApp.swift */; };
		D9CBCAA22551700100A39921 /* AnimationView.swift in Sources */ = {isa = PBXBuildFile; fileRef = D9CBCAA12551700100A39921 /* AnimationView.swift */; };
		D9CBCAA42551700400A39921 /* Assets.xcassets in Resources */ = {isa = PBXBuildFile; fileRef = D9CBCAA32551700400A39921 /* Assets.xcassets */; };
		D9CBCAA72551700400A39921 /* Preview Assets.xcassets in Resources */ = {isa = PBXBuildFile; fileRef = D9CBCAA62551700400A39921 /* Preview Assets.xcassets */; };
		D9CBCAB02551702200A39921 /* README.md in Resources */ = {isa = PBXBuildFile; fileRef = D9CBCAAF2551702200A39921 /* README.md */; };
		D9CBCAB32551706900A39921 /* GradientRectanglesView.swift in Sources */ = {isa = PBXBuildFile; fileRef = D9CBCAB22551706900A39921 /* GradientRectanglesView.swift */; };
		D9CBCAB62551734A00A39921 /* ShapesView.swift in Sources */ = {isa = PBXBuildFile; fileRef = D9CBCAB52551734A00A39921 /* ShapesView.swift */; };
		D9CBCABA255178AE00A39921 /* PathView.swift in Sources */ = {isa = PBXBuildFile; fileRef = D9CBCAB9255178AE00A39921 /* PathView.swift */; };
		D9CBCABD2551853F00A39921 /* CurvesView.swift in Sources */ = {isa = PBXBuildFile; fileRef = D9CBCABC2551853F00A39921 /* CurvesView.swift */; };
		D9CBCAC1255295E200A39921 /* TabViews.swift in Sources */ = {isa = PBXBuildFile; fileRef = D9CBCAC0255295E200A39921 /* TabViews.swift */; };
		D9CBCAC525529A3000A39921 /* MyAnimationView.swift in Sources */ = {isa = PBXBuildFile; fileRef = D9CBCAC425529A3000A39921 /* MyAnimationView.swift */; };
/* End PBXBuildFile section */

/* Begin PBXFileReference section */
		D9CBCA9C2551700100A39921 /* GeometricFigures-SwiftUI.app */ = {isa = PBXFileReference; explicitFileType = wrapper.application; includeInIndex = 0; path = "GeometricFigures-SwiftUI.app"; sourceTree = BUILT_PRODUCTS_DIR; };
		D9CBCA9F2551700100A39921 /* GeometricFigures_SwiftUIApp.swift */ = {isa = PBXFileReference; lastKnownFileType = sourcecode.swift; path = GeometricFigures_SwiftUIApp.swift; sourceTree = "<group>"; };
		D9CBCAA12551700100A39921 /* AnimationView.swift */ = {isa = PBXFileReference; lastKnownFileType = sourcecode.swift; path = AnimationView.swift; sourceTree = "<group>"; };
		D9CBCAA32551700400A39921 /* Assets.xcassets */ = {isa = PBXFileReference; lastKnownFileType = folder.assetcatalog; path = Assets.xcassets; sourceTree = "<group>"; };
		D9CBCAA62551700400A39921 /* Preview Assets.xcassets */ = {isa = PBXFileReference; lastKnownFileType = folder.assetcatalog; path = "Preview Assets.xcassets"; sourceTree = "<group>"; };
		D9CBCAA82551700400A39921 /* Info.plist */ = {isa = PBXFileReference; lastKnownFileType = text.plist.xml; path = Info.plist; sourceTree = "<group>"; };
		D9CBCAAF2551702200A39921 /* README.md */ = {isa = PBXFileReference; fileEncoding = 4; lastKnownFileType = net.daringfireball.markdown; path = README.md; sourceTree = "<group>"; };
		D9CBCAB22551706900A39921 /* GradientRectanglesView.swift */ = {isa = PBXFileReference; lastKnownFileType = sourcecode.swift; path = GradientRectanglesView.swift; sourceTree = "<group>"; };
		D9CBCAB52551734A00A39921 /* ShapesView.swift */ = {isa = PBXFileReference; lastKnownFileType = sourcecode.swift; path = ShapesView.swift; sourceTree = "<group>"; };
		D9CBCAB9255178AE00A39921 /* PathView.swift */ = {isa = PBXFileReference; lastKnownFileType = sourcecode.swift; path = PathView.swift; sourceTree = "<group>"; };
		D9CBCABC2551853F00A39921 /* CurvesView.swift */ = {isa = PBXFileReference; lastKnownFileType = sourcecode.swift; path = CurvesView.swift; sourceTree = "<group>"; };
		D9CBCAC0255295E200A39921 /* TabViews.swift */ = {isa = PBXFileReference; lastKnownFileType = sourcecode.swift; path = TabViews.swift; sourceTree = "<group>"; };
		D9CBCAC425529A3000A39921 /* MyAnimationView.swift */ = {isa = PBXFileReference; lastKnownFileType = sourcecode.swift; path = MyAnimationView.swift; sourceTree = "<group>"; };
/* End PBXFileReference section */

/* Begin PBXFrameworksBuildPhase section */
		D9CBCA992551700100A39921 /* Frameworks */ = {
			isa = PBXFrameworksBuildPhase;
			buildActionMask = 2147483647;
			files = (
			);
			runOnlyForDeploymentPostprocessing = 0;
		};
/* End PBXFrameworksBuildPhase section */

/* Begin PBXGroup section */
		D9CBCA932551700100A39921 = {
			isa = PBXGroup;
			children = (
				D9CBCAAF2551702200A39921 /* README.md */,
				D9CBCA9E2551700100A39921 /* GeometricFigures-SwiftUI */,
				D9CBCA9D2551700100A39921 /* Products */,
			);
			sourceTree = "<group>";
		};
		D9CBCA9D2551700100A39921 /* Products */ = {
			isa = PBXGroup;
			children = (
				D9CBCA9C2551700100A39921 /* GeometricFigures-SwiftUI.app */,
			);
			name = Products;
			sourceTree = "<group>";
		};
		D9CBCA9E2551700100A39921 /* GeometricFigures-SwiftUI */ = {
			isa = PBXGroup;
			children = (
				D9CBCA9F2551700100A39921 /* GeometricFigures_SwiftUIApp.swift */,
				D9CBCAC0255295E200A39921 /* TabViews.swift */,
				D9CBCAA12551700100A39921 /* AnimationView.swift */,
				D9CBCAB52551734A00A39921 /* ShapesView.swift */,
				D9CBCAB22551706900A39921 /* GradientRectanglesView.swift */,
				D9CBCAB9255178AE00A39921 /* PathView.swift */,
				D9CBCABC2551853F00A39921 /* CurvesView.swift */,
				D9CBCAC425529A3000A39921 /* MyAnimationView.swift */,
				D9CBCAA32551700400A39921 /* Assets.xcassets */,
				D9CBCAA82551700400A39921 /* Info.plist */,
				D9CBCAA52551700400A39921 /* Preview Content */,
			);
			path = "GeometricFigures-SwiftUI";
			sourceTree = "<group>";
		};
		D9CBCAA52551700400A39921 /* Preview Content */ = {
			isa = PBXGroup;
			children = (
				D9CBCAA62551700400A39921 /* Preview Assets.xcassets */,
			);
			path = "Preview Content";
			sourceTree = "<group>";
		};
/* End PBXGroup section */

/* Begin PBXNativeTarget section */
		D9CBCA9B2551700100A39921 /* GeometricFigures-SwiftUI */ = {
			isa = PBXNativeTarget;
			buildConfigurationList = D9CBCAAB2551700400A39921 /* Build configuration list for PBXNativeTarget "GeometricFigures-SwiftUI" */;
			buildPhases = (
				D9CBCA982551700100A39921 /* Sources */,
				D9CBCA992551700100A39921 /* Frameworks */,
				D9CBCA9A2551700100A39921 /* Resources */,
			);
			buildRules = (
			);
			dependencies = (
			);
			name = "GeometricFigures-SwiftUI";
			productName = "GeometricFigures-SwiftUI";
			productReference = D9CBCA9C2551700100A39921 /* GeometricFigures-SwiftUI.app */;
			productType = "com.apple.product-type.application";
		};
/* End PBXNativeTarget section */

/* Begin PBXProject section */
		D9CBCA942551700100A39921 /* Project object */ = {
			isa = PBXProject;
			attributes = {
				LastSwiftUpdateCheck = 1210;
				LastUpgradeCheck = 1210;
				TargetAttributes = {
					D9CBCA9B2551700100A39921 = {
						CreatedOnToolsVersion = 12.1;
					};
				};
			};
			buildConfigurationList = D9CBCA972551700100A39921 /* Build configuration list for PBXProject "GeometricFigures-SwiftUI" */;
			compatibilityVersion = "Xcode 9.3";
			developmentRegion = en;
			hasScannedForEncodings = 0;
			knownRegions = (
				en,
				Base,
			);
			mainGroup = D9CBCA932551700100A39921;
			productRefGroup = D9CBCA9D2551700100A39921 /* Products */;
			projectDirPath = "";
			projectRoot = "";
			targets = (
				D9CBCA9B2551700100A39921 /* GeometricFigures-SwiftUI */,
			);
		};
/* End PBXProject section */

/* Begin PBXResourcesBuildPhase section */
		D9CBCA9A2551700100A39921 /* Resources */ = {
			isa = PBXResourcesBuildPhase;
			buildActionMask = 2147483647;
			files = (
				D9CBCAB02551702200A39921 /* README.md in Resources */,
				D9CBCAA72551700400A39921 /* Preview Assets.xcassets in Resources */,
				D9CBCAA42551700400A39921 /* Assets.xcassets in Resources */,
			);
			runOnlyForDeploymentPostprocessing = 0;
		};
/* End PBXResourcesBuildPhase section */

/* Begin PBXSourcesBuildPhase section */
		D9CBCA982551700100A39921 /* Sources */ = {
			isa = PBXSourcesBuildPhase;
			buildActionMask = 2147483647;
			files = (
				D9CBCABD2551853F00A39921 /* CurvesView.swift in Sources */,
				D9CBCAC525529A3000A39921 /* MyAnimationView.swift in Sources */,
				D9CBCABA255178AE00A39921 /* PathView.swift in Sources */,
				D9CBCAA22551700100A39921 /* AnimationView.swift in Sources */,
				D9CBCAA02551700100A39921 /* GeometricFigures_SwiftUIApp.swift in Sources */,
				D9CBCAB62551734A00A39921 /* ShapesView.swift in Sources */,
				D9CBCAC1255295E200A39921 /* TabViews.swift in Sources */,
				D9CBCAB32551706900A39921 /* GradientRectanglesView.swift in Sources */,
			);
			runOnlyForDeploymentPostprocessing = 0;
		};
/* End PBXSourcesBuildPhase section */

/* Begin XCBuildConfiguration section */
		D9CBCAA92551700400A39921 /* Debug */ = {
			isa = XCBuildConfiguration;
			buildSettings = {
				ALWAYS_SEARCH_USER_PATHS = NO;
				CLANG_ANALYZER_NONNULL = YES;
				CLANG_ANALYZER_NUMBER_OBJECT_CONVERSION = YES_AGGRESSIVE;
				CLANG_CXX_LANGUAGE_STANDARD = "gnu++14";
				CLANG_CXX_LIBRARY = "libc++";
				CLANG_ENABLE_MODULES = YES;
				CLANG_ENABLE_OBJC_ARC = YES;
				CLANG_ENABLE_OBJC_WEAK = YES;
				CLANG_WARN_BLOCK_CAPTURE_AUTORELEASING = YES;
				CLANG_WARN_BOOL_CONVERSION = YES;
				CLANG_WARN_COMMA = YES;
				CLANG_WARN_CONSTANT_CONVERSION = YES;
				CLANG_WARN_DEPRECATED_OBJC_IMPLEMENTATIONS = YES;
				CLANG_WARN_DIRECT_OBJC_ISA_USAGE = YES_ERROR;
				CLANG_WARN_DOCUMENTATION_COMMENTS = YES;
				CLANG_WARN_EMPTY_BODY = YES;
				CLANG_WARN_ENUM_CONVERSION = YES;
				CLANG_WARN_INFINITE_RECURSION = YES;
				CLANG_WARN_INT_CONVERSION = YES;
				CLANG_WARN_NON_LITERAL_NULL_CONVERSION = YES;
				CLANG_WARN_OBJC_IMPLICIT_RETAIN_SELF = YES;
				CLANG_WARN_OBJC_LITERAL_CONVERSION = YES;
				CLANG_WARN_OBJC_ROOT_CLASS = YES_ERROR;
				CLANG_WARN_QUOTED_INCLUDE_IN_FRAMEWORK_HEADER = YES;
				CLANG_WARN_RANGE_LOOP_ANALYSIS = YES;
				CLANG_WARN_STRICT_PROTOTYPES = YES;
				CLANG_WARN_SUSPICIOUS_MOVE = YES;
				CLANG_WARN_UNGUARDED_AVAILABILITY = YES_AGGRESSIVE;
				CLANG_WARN_UNREACHABLE_CODE = YES;
				CLANG_WARN__DUPLICATE_METHOD_MATCH = YES;
				COPY_PHASE_STRIP = NO;
				DEBUG_INFORMATION_FORMAT = dwarf;
				ENABLE_STRICT_OBJC_MSGSEND = YES;
				ENABLE_TESTABILITY = YES;
				GCC_C_LANGUAGE_STANDARD = gnu11;
				GCC_DYNAMIC_NO_PIC = NO;
				GCC_NO_COMMON_BLOCKS = YES;
				GCC_OPTIMIZATION_LEVEL = 0;
				GCC_PREPROCESSOR_DEFINITIONS = (
					"DEBUG=1",
					"$(inherited)",
				);
				GCC_WARN_64_TO_32_BIT_CONVERSION = YES;
				GCC_WARN_ABOUT_RETURN_TYPE = YES_ERROR;
				GCC_WARN_UNDECLARED_SELECTOR = YES;
				GCC_WARN_UNINITIALIZED_AUTOS = YES_AGGRESSIVE;
				GCC_WARN_UNUSED_FUNCTION = YES;
				GCC_WARN_UNUSED_VARIABLE = YES;
				IPHONEOS_DEPLOYMENT_TARGET = 14.1;
				MTL_ENABLE_DEBUG_INFO = INCLUDE_SOURCE;
				MTL_FAST_MATH = YES;
				ONLY_ACTIVE_ARCH = YES;
				SDKROOT = iphoneos;
				SWIFT_ACTIVE_COMPILATION_CONDITIONS = DEBUG;
				SWIFT_OPTIMIZATION_LEVEL = "-Onone";
			};
			name = Debug;
		};
		D9CBCAAA2551700400A39921 /* Release */ = {
			isa = XCBuildConfiguration;
			buildSettings = {
				ALWAYS_SEARCH_USER_PATHS = NO;
				CLANG_ANALYZER_NONNULL = YES;
				CLANG_ANALYZER_NUMBER_OBJECT_CONVERSION = YES_AGGRESSIVE;
				CLANG_CXX_LANGUAGE_STANDARD = "gnu++14";
				CLANG_CXX_LIBRARY = "libc++";
				CLANG_ENABLE_MODULES = YES;
				CLANG_ENABLE_OBJC_ARC = YES;
				CLANG_ENABLE_OBJC_WEAK = YES;
				CLANG_WARN_BLOCK_CAPTURE_AUTORELEASING = YES;
				CLANG_WARN_BOOL_CONVERSION = YES;
				CLANG_WARN_COMMA = YES;
				CLANG_WARN_CONSTANT_CONVERSION = YES;
				CLANG_WARN_DEPRECATED_OBJC_IMPLEMENTATIONS = YES;
				CLANG_WARN_DIRECT_OBJC_ISA_USAGE = YES_ERROR;
				CLANG_WARN_DOCUMENTATION_COMMENTS = YES;
				CLANG_WARN_EMPTY_BODY = YES;
				CLANG_WARN_ENUM_CONVERSION = YES;
				CLANG_WARN_INFINITE_RECURSION = YES;
				CLANG_WARN_INT_CONVERSION = YES;
				CLANG_WARN_NON_LITERAL_NULL_CONVERSION = YES;
				CLANG_WARN_OBJC_IMPLICIT_RETAIN_SELF = YES;
				CLANG_WARN_OBJC_LITERAL_CONVERSION = YES;
				CLANG_WARN_OBJC_ROOT_CLASS = YES_ERROR;
				CLANG_WARN_QUOTED_INCLUDE_IN_FRAMEWORK_HEADER = YES;
				CLANG_WARN_RANGE_LOOP_ANALYSIS = YES;
				CLANG_WARN_STRICT_PROTOTYPES = YES;
				CLANG_WARN_SUSPICIOUS_MOVE = YES;
				CLANG_WARN_UNGUARDED_AVAILABILITY = YES_AGGRESSIVE;
				CLANG_WARN_UNREACHABLE_CODE = YES;
				CLANG_WARN__DUPLICATE_METHOD_MATCH = YES;
				COPY_PHASE_STRIP = NO;
				DEBUG_INFORMATION_FORMAT = "dwarf-with-dsym";
				ENABLE_NS_ASSERTIONS = NO;
				ENABLE_STRICT_OBJC_MSGSEND = YES;
				GCC_C_LANGUAGE_STANDARD = gnu11;
				GCC_NO_COMMON_BLOCKS = YES;
				GCC_WARN_64_TO_32_BIT_CONVERSION = YES;
				GCC_WARN_ABOUT_RETURN_TYPE = YES_ERROR;
				GCC_WARN_UNDECLARED_SELECTOR = YES;
				GCC_WARN_UNINITIALIZED_AUTOS = YES_AGGRESSIVE;
				GCC_WARN_UNUSED_FUNCTION = YES;
				GCC_WARN_UNUSED_VARIABLE = YES;
				IPHONEOS_DEPLOYMENT_TARGET = 14.1;
				MTL_ENABLE_DEBUG_INFO = NO;
				MTL_FAST_MATH = YES;
				SDKROOT = iphoneos;
				SWIFT_COMPILATION_MODE = wholemodule;
				SWIFT_OPTIMIZATION_LEVEL = "-O";
				VALIDATE_PRODUCT = YES;
			};
			name = Release;
		};
		D9CBCAAC2551700400A39921 /* Debug */ = {
			isa = XCBuildConfiguration;
			buildSettings = {
				ASSETCATALOG_COMPILER_APPICON_NAME = AppIcon;
				ASSETCATALOG_COMPILER_GLOBAL_ACCENT_COLOR_NAME = AccentColor;
				CODE_SIGN_STYLE = Automatic;
				DEVELOPMENT_ASSET_PATHS = "\"GeometricFigures-SwiftUI/Preview Content\"";
				DEVELOPMENT_TEAM = 55MCT9R6B9;
				ENABLE_PREVIEWS = YES;
				INFOPLIST_FILE = "GeometricFigures-SwiftUI/Info.plist";
				IPHONEOS_DEPLOYMENT_TARGET = 14.0;
				LD_RUNPATH_SEARCH_PATHS = (
					"$(inherited)",
					"@executable_path/Frameworks",
				);
				PRODUCT_BUNDLE_IDENTIFIER = "com.VasPet.GeometricFigures-SwiftUI";
				PRODUCT_NAME = "$(TARGET_NAME)";
				SWIFT_VERSION = 5.0;
				TARGETED_DEVICE_FAMILY = "1,2";
			};
			name = Debug;
		};
		D9CBCAAD2551700400A39921 /* Release */ = {
			isa = XCBuildConfiguration;
			buildSettings = {
				ASSETCATALOG_COMPILER_APPICON_NAME = AppIcon;
				ASSETCATALOG_COMPILER_GLOBAL_ACCENT_COLOR_NAME = AccentColor;
				CODE_SIGN_STYLE = Automatic;
				DEVELOPMENT_ASSET_PATHS = "\"GeometricFigures-SwiftUI/Preview Content\"";
				DEVELOPMENT_TEAM = 55MCT9R6B9;
				ENABLE_PREVIEWS = YES;
				INFOPLIST_FILE = "GeometricFigures-SwiftUI/Info.plist";
				IPHONEOS_DEPLOYMENT_TARGET = 14.0;
				LD_RUNPATH_SEARCH_PATHS = (
					"$(inherited)",
					"@executable_path/Frameworks",
				);
				PRODUCT_BUNDLE_IDENTIFIER = "com.VasPet.GeometricFigures-SwiftUI";
				PRODUCT_NAME = "$(TARGET_NAME)";
				SWIFT_VERSION = 5.0;
				TARGETED_DEVICE_FAMILY = "1,2";
			};
			name = Release;
		};
/* End XCBuildConfiguration section */

/* Begin XCConfigurationList section */
		D9CBCA972551700100A39921 /* Build configuration list for PBXProject "GeometricFigures-SwiftUI" */ = {
			isa = XCConfigurationList;
			buildConfigurations = (
				D9CBCAA92551700400A39921 /* Debug */,
				D9CBCAAA2551700400A39921 /* Release */,
			);
			defaultConfigurationIsVisible = 0;
			defaultConfigurationName = Release;
		};
		D9CBCAAB2551700400A39921 /* Build configuration list for PBXNativeTarget "GeometricFigures-SwiftUI" */ = {
			isa = XCConfigurationList;
			buildConfigurations = (
				D9CBCAAC2551700400A39921 /* Debug */,
				D9CBCAAD2551700400A39921 /* Release */,
			);
			defaultConfigurationIsVisible = 0;
			defaultConfigurationName = Release;
		};
/* End XCConfigurationList section */
	};
	rootObject = D9CBCA942551700100A39921 /* Project object */;
}
